
Microsoft Visual Studio Solution File, Format Version 12.00
# Visual Studio Version 17
VisualStudioVersion = 17.1.32414.318
MinimumVisualStudioVersion = 10.0.40219.1
Project("{FAE04EC0-301F-11D3-BF4B-00C04F79EFBC}") = "Client", "Client\Client.csproj", "{DF1D5EF6-6037-4C48-AD98-0BFE2C7922DD}"
EndProject
Global
	GlobalSection(SolutionConfigurationPlatforms) = preSolution
		Debug|Any CPU = Debug|Any CPU
		Release|Any CPU = Release|Any CPU
	EndGlobalSection
	GlobalSection(ProjectConfigurationPlatforms) = postSolution
		{DF1D5EF6-6037-4C48-AD98-0BFE2C7922DD}.Debug|Any CPU.ActiveCfg = Debug|Any CPU
		{DF1D5EF6-6037-4C48-AD98-0BFE2C7922DD}.Debug|Any CPU.Build.0 = Debug|Any CPU
		{DF1D5EF6-6037-4C48-AD98-0BFE2C7922DD}.Release|Any CPU.ActiveCfg = Release|Any CPU
		{DF1D5EF6-6037-4C48-AD98-0BFE2C7922DD}.Release|Any CPU.Build.0 = Release|Any CPU
	EndGlobalSection
	GlobalSection(SolutionProperties) = preSolution
		HideSolutionNode = FALSE
	EndGlobalSection
	GlobalSection(ExtensibilityGlobals) = postSolution
		SolutionGuid = {A152BD01-F842-4A96-B4E4-9F904AABBF0A}
	EndGlobalSection
EndGlobal
